// !$*UTF8*$!
{
	archiveVersion = 1;
	classes = {
	};
	objectVersion = 55;
	objects = {

/* Begin PBXBuildFile section */
		5D614E19293AF870005FB9EC /* AppDelegate.swift in Sources */ = {isa = PBXBuildFile; fileRef = 5D614E18293AF870005FB9EC /* AppDelegate.swift */; };
		5D614E1B293AF870005FB9EC /* SceneDelegate.swift in Sources */ = {isa = PBXBuildFile; fileRef = 5D614E1A293AF870005FB9EC /* SceneDelegate.swift */; };
		5D614E1D293AF870005FB9EC /* ViewController.swift in Sources */ = {isa = PBXBuildFile; fileRef = 5D614E1C293AF870005FB9EC /* ViewController.swift */; };
		5D614E22293AF873005FB9EC /* Assets.xcassets in Resources */ = {isa = PBXBuildFile; fileRef = 5D614E21293AF873005FB9EC /* Assets.xcassets */; };
		5D614E25293AF873005FB9EC /* LaunchScreen.storyboard in Resources */ = {isa = PBXBuildFile; fileRef = 5D614E23293AF873005FB9EC /* LaunchScreen.storyboard */; };
		5D614E2D293AFBC1005FB9EC /* MainCoordinator.swift in Sources */ = {isa = PBXBuildFile; fileRef = 5D614E2C293AFBC1005FB9EC /* MainCoordinator.swift */; };
		5D614E2F293AFC3A005FB9EC /* Coordinator.swift in Sources */ = {isa = PBXBuildFile; fileRef = 5D614E2E293AFC3A005FB9EC /* Coordinator.swift */; };
		5D614E31293AFE0A005FB9EC /* LoginViewController.swift in Sources */ = {isa = PBXBuildFile; fileRef = 5D614E30293AFE0A005FB9EC /* LoginViewController.swift */; };
		A6EE25399CF3846E0A8F09D7 /* Pods_Netflix_PicPay.framework in Frameworks */ = {isa = PBXBuildFile; fileRef = CCBADAD366B29176CAAF7778 /* Pods_Netflix_PicPay.framework */; };
/* End PBXBuildFile section */

/* Begin PBXFileReference section */
		1149DD7C74137EC58BAAA045 /* Pods-Netflix-PicPay.release.xcconfig */ = {isa = PBXFileReference; includeInIndex = 1; lastKnownFileType = text.xcconfig; name = "Pods-Netflix-PicPay.release.xcconfig"; path = "Target Support Files/Pods-Netflix-PicPay/Pods-Netflix-PicPay.release.xcconfig"; sourceTree = "<group>"; };
		5D614E15293AF870005FB9EC /* Netflix-PicPay.app */ = {isa = PBXFileReference; explicitFileType = wrapper.application; includeInIndex = 0; path = "Netflix-PicPay.app"; sourceTree = BUILT_PRODUCTS_DIR; };
		5D614E18293AF870005FB9EC /* AppDelegate.swift */ = {isa = PBXFileReference; lastKnownFileType = sourcecode.swift; path = AppDelegate.swift; sourceTree = "<group>"; };
		5D614E1A293AF870005FB9EC /* SceneDelegate.swift */ = {isa = PBXFileReference; lastKnownFileType = sourcecode.swift; path = SceneDelegate.swift; sourceTree = "<group>"; };
		5D614E1C293AF870005FB9EC /* ViewController.swift */ = {isa = PBXFileReference; lastKnownFileType = sourcecode.swift; path = ViewController.swift; sourceTree = "<group>"; };
		5D614E21293AF873005FB9EC /* Assets.xcassets */ = {isa = PBXFileReference; lastKnownFileType = folder.assetcatalog; path = Assets.xcassets; sourceTree = "<group>"; };
		5D614E24293AF873005FB9EC /* Base */ = {isa = PBXFileReference; lastKnownFileType = file.storyboard; name = Base; path = Base.lproj/LaunchScreen.storyboard; sourceTree = "<group>"; };
		5D614E26293AF873005FB9EC /* Info.plist */ = {isa = PBXFileReference; lastKnownFileType = text.plist.xml; path = Info.plist; sourceTree = "<group>"; };
		5D614E2C293AFBC1005FB9EC /* MainCoordinator.swift */ = {isa = PBXFileReference; lastKnownFileType = sourcecode.swift; path = MainCoordinator.swift; sourceTree = "<group>"; };
		5D614E2E293AFC3A005FB9EC /* Coordinator.swift */ = {isa = PBXFileReference; lastKnownFileType = sourcecode.swift; path = Coordinator.swift; sourceTree = "<group>"; };
		5D614E30293AFE0A005FB9EC /* LoginViewController.swift */ = {isa = PBXFileReference; lastKnownFileType = sourcecode.swift; path = LoginViewController.swift; sourceTree = "<group>"; };
		9106CD3021558B1E122FDDD8 /* Pods-Netflix-PicPay.debug.xcconfig */ = {isa = PBXFileReference; includeInIndex = 1; lastKnownFileType = text.xcconfig; name = "Pods-Netflix-PicPay.debug.xcconfig"; path = "Target Support Files/Pods-Netflix-PicPay/Pods-Netflix-PicPay.debug.xcconfig"; sourceTree = "<group>"; };
		CCBADAD366B29176CAAF7778 /* Pods_Netflix_PicPay.framework */ = {isa = PBXFileReference; explicitFileType = wrapper.framework; includeInIndex = 0; path = Pods_Netflix_PicPay.framework; sourceTree = BUILT_PRODUCTS_DIR; };
/* End PBXFileReference section */

/* Begin PBXFrameworksBuildPhase section */
		5D614E12293AF870005FB9EC /* Frameworks */ = {
			isa = PBXFrameworksBuildPhase;
			buildActionMask = 2147483647;
			files = (
				A6EE25399CF3846E0A8F09D7 /* Pods_Netflix_PicPay.framework in Frameworks */,
			);
			runOnlyForDeploymentPostprocessing = 0;
		};
/* End PBXFrameworksBuildPhase section */

/* Begin PBXGroup section */
		38652A0868BAFB162CEF4771 /* Pods */ = {
			isa = PBXGroup;
			children = (
				9106CD3021558B1E122FDDD8 /* Pods-Netflix-PicPay.debug.xcconfig */,
				1149DD7C74137EC58BAAA045 /* Pods-Netflix-PicPay.release.xcconfig */,
			);
			path = Pods;
			sourceTree = "<group>";
		};
		5D614E0C293AF870005FB9EC = {
			isa = PBXGroup;
			children = (
				5D614E17293AF870005FB9EC /* Netflix-PicPay */,
				5D614E16293AF870005FB9EC /* Products */,
				38652A0868BAFB162CEF4771 /* Pods */,
				A4B48CB30301183365800F00 /* Frameworks */,
			);
			sourceTree = "<group>";
		};
		5D614E16293AF870005FB9EC /* Products */ = {
			isa = PBXGroup;
			children = (
				5D614E15293AF870005FB9EC /* Netflix-PicPay.app */,
			);
			name = Products;
			sourceTree = "<group>";
		};
		5D614E17293AF870005FB9EC /* Netflix-PicPay */ = {
			isa = PBXGroup;
			children = (
				5DD4BDB4294A4DEA00165F1A /* Resources */,
				5D614E18293AF870005FB9EC /* AppDelegate.swift */,
				5D614E1A293AF870005FB9EC /* SceneDelegate.swift */,
				5D614E1C293AF870005FB9EC /* ViewController.swift */,
				5D614E2C293AFBC1005FB9EC /* MainCoordinator.swift */,
				5D614E2E293AFC3A005FB9EC /* Coordinator.swift */,
				5D614E30293AFE0A005FB9EC /* LoginViewController.swift */,
			);
			path = "Netflix-PicPay";
			sourceTree = "<group>";
		};
		5DD4BDB4294A4DEA00165F1A /* Resources */ = {
			isa = PBXGroup;
			children = (
				5D614E21293AF873005FB9EC /* Assets.xcassets */,
				5D614E23293AF873005FB9EC /* LaunchScreen.storyboard */,
				5D614E26293AF873005FB9EC /* Info.plist */,
			);
			path = Resources;
			sourceTree = "<group>";
		};
		A4B48CB30301183365800F00 /* Frameworks */ = {
			isa = PBXGroup;
			children = (
				CCBADAD366B29176CAAF7778 /* Pods_Netflix_PicPay.framework */,
			);
			name = Frameworks;
			sourceTree = "<group>";
		};
/* End PBXGroup section */

/* Begin PBXNativeTarget section */
		5D614E14293AF870005FB9EC /* Netflix-PicPay */ = {
			isa = PBXNativeTarget;
			buildConfigurationList = 5D614E29293AF873005FB9EC /* Build configuration list for PBXNativeTarget "Netflix-PicPay" */;
			buildPhases = (
				DDF57FA31B7DF9F0A6F94EE1 /* [CP] Check Pods Manifest.lock */,
				5D614E11293AF870005FB9EC /* Sources */,
				5D614E12293AF870005FB9EC /* Frameworks */,
				5D614E13293AF870005FB9EC /* Resources */,
				E8E52D89156EB9CE97874527 /* [CP] Embed Pods Frameworks */,
			);
			buildRules = (
			);
			dependencies = (
			);
			name = "Netflix-PicPay";
			productName = "Netflix-PicPay";
			productReference = 5D614E15293AF870005FB9EC /* Netflix-PicPay.app */;
			productType = "com.apple.product-type.application";
		};
/* End PBXNativeTarget section */

/* Begin PBXProject section */
		5D614E0D293AF870005FB9EC /* Project object */ = {
			isa = PBXProject;
			attributes = {
				BuildIndependentTargetsInParallel = 1;
				LastSwiftUpdateCheck = 1320;
				LastUpgradeCheck = 1320;
				TargetAttributes = {
					5D614E14293AF870005FB9EC = {
						CreatedOnToolsVersion = 13.2.1;
					};
				};
			};
			buildConfigurationList = 5D614E10293AF870005FB9EC /* Build configuration list for PBXProject "Netflix-PicPay" */;
			compatibilityVersion = "Xcode 13.0";
			developmentRegion = en;
			hasScannedForEncodings = 0;
			knownRegions = (
				en,
				Base,
			);
			mainGroup = 5D614E0C293AF870005FB9EC;
			productRefGroup = 5D614E16293AF870005FB9EC /* Products */;
			projectDirPath = "";
			projectRoot = "";
			targets = (
				5D614E14293AF870005FB9EC /* Netflix-PicPay */,
			);
		};
/* End PBXProject section */

/* Begin PBXResourcesBuildPhase section */
		5D614E13293AF870005FB9EC /* Resources */ = {
			isa = PBXResourcesBuildPhase;
			buildActionMask = 2147483647;
			files = (
				5D614E25293AF873005FB9EC /* LaunchScreen.storyboard in Resources */,
				5D614E22293AF873005FB9EC /* Assets.xcassets in Resources */,
			);
			runOnlyForDeploymentPostprocessing = 0;
		};
/* End PBXResourcesBuildPhase section */

/* Begin PBXShellScriptBuildPhase section */
		DDF57FA31B7DF9F0A6F94EE1 /* [CP] Check Pods Manifest.lock */ = {
			isa = PBXShellScriptBuildPhase;
			buildActionMask = 2147483647;
			files = (
			);
			inputFileListPaths = (
			);
			inputPaths = (
				"${PODS_PODFILE_DIR_PATH}/Podfile.lock",
				"${PODS_ROOT}/Manifest.lock",
			);
			name = "[CP] Check Pods Manifest.lock";
			outputFileListPaths = (
			);
			outputPaths = (
				"$(DERIVED_FILE_DIR)/Pods-Netflix-PicPay-checkManifestLockResult.txt",
			);
			runOnlyForDeploymentPostprocessing = 0;
			shellPath = /bin/sh;
			shellScript = "diff \"${PODS_PODFILE_DIR_PATH}/Podfile.lock\" \"${PODS_ROOT}/Manifest.lock\" > /dev/null\nif [ $? != 0 ] ; then\n    # print error to STDERR\n    echo \"error: The sandbox is not in sync with the Podfile.lock. Run 'pod install' or update your CocoaPods installation.\" >&2\n    exit 1\nfi\n# This output is used by Xcode 'outputs' to avoid re-running this script phase.\necho \"SUCCESS\" > \"${SCRIPT_OUTPUT_FILE_0}\"\n";
			showEnvVarsInLog = 0;
		};
		E8E52D89156EB9CE97874527 /* [CP] Embed Pods Frameworks */ = {
			isa = PBXShellScriptBuildPhase;
			buildActionMask = 2147483647;
			files = (
			);
			inputFileListPaths = (
				"${PODS_ROOT}/Target Support Files/Pods-Netflix-PicPay/Pods-Netflix-PicPay-frameworks-${CONFIGURATION}-input-files.xcfilelist",
			);
			name = "[CP] Embed Pods Frameworks";
			outputFileListPaths = (
				"${PODS_ROOT}/Target Support Files/Pods-Netflix-PicPay/Pods-Netflix-PicPay-frameworks-${CONFIGURATION}-output-files.xcfilelist",
			);
			runOnlyForDeploymentPostprocessing = 0;
			shellPath = /bin/sh;
			shellScript = "\"${PODS_ROOT}/Target Support Files/Pods-Netflix-PicPay/Pods-Netflix-PicPay-frameworks.sh\"\n";
			showEnvVarsInLog = 0;
		};
/* End PBXShellScriptBuildPhase section */

/* Begin PBXSourcesBuildPhase section */
		5D614E11293AF870005FB9EC /* Sources */ = {
			isa = PBXSourcesBuildPhase;
			buildActionMask = 2147483647;
			files = (
				5D614E31293AFE0A005FB9EC /* LoginViewController.swift in Sources */,
				5D614E1D293AF870005FB9EC /* ViewController.swift in Sources */,
				5D614E2D293AFBC1005FB9EC /* MainCoordinator.swift in Sources */,
				5D614E2F293AFC3A005FB9EC /* Coordinator.swift in Sources */,
				5D614E19293AF870005FB9EC /* AppDelegate.swift in Sources */,
				5D614E1B293AF870005FB9EC /* SceneDelegate.swift in Sources */,
			);
			runOnlyForDeploymentPostprocessing = 0;
		};
/* End PBXSourcesBuildPhase section */

/* Begin PBXVariantGroup section */
		5D614E23293AF873005FB9EC /* LaunchScreen.storyboard */ = {
			isa = PBXVariantGroup;
			children = (
				5D614E24293AF873005FB9EC /* Base */,
			);
			name = LaunchScreen.storyboard;
			sourceTree = "<group>";
		};
/* End PBXVariantGroup section */

/* Begin XCBuildConfiguration section */
		5D614E27293AF873005FB9EC /* Debug */ = {
			isa = XCBuildConfiguration;
			buildSettings = {
				ALWAYS_SEARCH_USER_PATHS = NO;
				CLANG_ANALYZER_NONNULL = YES;
				CLANG_ANALYZER_NUMBER_OBJECT_CONVERSION = YES_AGGRESSIVE;
				CLANG_CXX_LANGUAGE_STANDARD = "gnu++17";
				CLANG_CXX_LIBRARY = "libc++";
				CLANG_ENABLE_MODULES = YES;
				CLANG_ENABLE_OBJC_ARC = YES;
				CLANG_ENABLE_OBJC_WEAK = YES;
				CLANG_WARN_BLOCK_CAPTURE_AUTORELEASING = YES;
				CLANG_WARN_BOOL_CONVERSION = YES;
				CLANG_WARN_COMMA = YES;
				CLANG_WARN_CONSTANT_CONVERSION = YES;
				CLANG_WARN_DEPRECATED_OBJC_IMPLEMENTATIONS = YES;
				CLANG_WARN_DIRECT_OBJC_ISA_USAGE = YES_ERROR;
				CLANG_WARN_DOCUMENTATION_COMMENTS = YES;
				CLANG_WARN_EMPTY_BODY = YES;
				CLANG_WARN_ENUM_CONVERSION = YES;
				CLANG_WARN_INFINITE_RECURSION = YES;
				CLANG_WARN_INT_CONVERSION = YES;
				CLANG_WARN_NON_LITERAL_NULL_CONVERSION = YES;
				CLANG_WARN_OBJC_IMPLICIT_RETAIN_SELF = YES;
				CLANG_WARN_OBJC_LITERAL_CONVERSION = YES;
				CLANG_WARN_OBJC_ROOT_CLASS = YES_ERROR;
				CLANG_WARN_QUOTED_INCLUDE_IN_FRAMEWORK_HEADER = YES;
				CLANG_WARN_RANGE_LOOP_ANALYSIS = YES;
				CLANG_WARN_STRICT_PROTOTYPES = YES;
				CLANG_WARN_SUSPICIOUS_MOVE = YES;
				CLANG_WARN_UNGUARDED_AVAILABILITY = YES_AGGRESSIVE;
				CLANG_WARN_UNREACHABLE_CODE = YES;
				CLANG_WARN__DUPLICATE_METHOD_MATCH = YES;
				COPY_PHASE_STRIP = NO;
				DEBUG_INFORMATION_FORMAT = dwarf;
				ENABLE_STRICT_OBJC_MSGSEND = YES;
				ENABLE_TESTABILITY = YES;
				GCC_C_LANGUAGE_STANDARD = gnu11;
				GCC_DYNAMIC_NO_PIC = NO;
				GCC_NO_COMMON_BLOCKS = YES;
				GCC_OPTIMIZATION_LEVEL = 0;
				GCC_PREPROCESSOR_DEFINITIONS = (
					"DEBUG=1",
					"$(inherited)",
				);
				GCC_WARN_64_TO_32_BIT_CONVERSION = YES;
				GCC_WARN_ABOUT_RETURN_TYPE = YES_ERROR;
				GCC_WARN_UNDECLARED_SELECTOR = YES;
				GCC_WARN_UNINITIALIZED_AUTOS = YES_AGGRESSIVE;
				GCC_WARN_UNUSED_FUNCTION = YES;
				GCC_WARN_UNUSED_VARIABLE = YES;
				IPHONEOS_DEPLOYMENT_TARGET = 15.2;
				MTL_ENABLE_DEBUG_INFO = INCLUDE_SOURCE;
				MTL_FAST_MATH = YES;
				ONLY_ACTIVE_ARCH = YES;
				SDKROOT = iphoneos;
				SWIFT_ACTIVE_COMPILATION_CONDITIONS = DEBUG;
				SWIFT_OPTIMIZATION_LEVEL = "-Onone";
			};
			name = Debug;
		};
		5D614E28293AF873005FB9EC /* Release */ = {
			isa = XCBuildConfiguration;
			buildSettings = {
				ALWAYS_SEARCH_USER_PATHS = NO;
				CLANG_ANALYZER_NONNULL = YES;
				CLANG_ANALYZER_NUMBER_OBJECT_CONVERSION = YES_AGGRESSIVE;
				CLANG_CXX_LANGUAGE_STANDARD = "gnu++17";
				CLANG_CXX_LIBRARY = "libc++";
				CLANG_ENABLE_MODULES = YES;
				CLANG_ENABLE_OBJC_ARC = YES;
				CLANG_ENABLE_OBJC_WEAK = YES;
				CLANG_WARN_BLOCK_CAPTURE_AUTORELEASING = YES;
				CLANG_WARN_BOOL_CONVERSION = YES;
				CLANG_WARN_COMMA = YES;
				CLANG_WARN_CONSTANT_CONVERSION = YES;
				CLANG_WARN_DEPRECATED_OBJC_IMPLEMENTATIONS = YES;
				CLANG_WARN_DIRECT_OBJC_ISA_USAGE = YES_ERROR;
				CLANG_WARN_DOCUMENTATION_COMMENTS = YES;
				CLANG_WARN_EMPTY_BODY = YES;
				CLANG_WARN_ENUM_CONVERSION = YES;
				CLANG_WARN_INFINITE_RECURSION = YES;
				CLANG_WARN_INT_CONVERSION = YES;
				CLANG_WARN_NON_LITERAL_NULL_CONVERSION = YES;
				CLANG_WARN_OBJC_IMPLICIT_RETAIN_SELF = YES;
				CLANG_WARN_OBJC_LITERAL_CONVERSION = YES;
				CLANG_WARN_OBJC_ROOT_CLASS = YES_ERROR;
				CLANG_WARN_QUOTED_INCLUDE_IN_FRAMEWORK_HEADER = YES;
				CLANG_WARN_RANGE_LOOP_ANALYSIS = YES;
				CLANG_WARN_STRICT_PROTOTYPES = YES;
				CLANG_WARN_SUSPICIOUS_MOVE = YES;
				CLANG_WARN_UNGUARDED_AVAILABILITY = YES_AGGRESSIVE;
				CLANG_WARN_UNREACHABLE_CODE = YES;
				CLANG_WARN__DUPLICATE_METHOD_MATCH = YES;
				COPY_PHASE_STRIP = NO;
				DEBUG_INFORMATION_FORMAT = "dwarf-with-dsym";
				ENABLE_NS_ASSERTIONS = NO;
				ENABLE_STRICT_OBJC_MSGSEND = YES;
				GCC_C_LANGUAGE_STANDARD = gnu11;
				GCC_NO_COMMON_BLOCKS = YES;
				GCC_WARN_64_TO_32_BIT_CONVERSION = YES;
				GCC_WARN_ABOUT_RETURN_TYPE = YES_ERROR;
				GCC_WARN_UNDECLARED_SELECTOR = YES;
				GCC_WARN_UNINITIALIZED_AUTOS = YES_AGGRESSIVE;
				GCC_WARN_UNUSED_FUNCTION = YES;
				GCC_WARN_UNUSED_VARIABLE = YES;
				IPHONEOS_DEPLOYMENT_TARGET = 15.2;
				MTL_ENABLE_DEBUG_INFO = NO;
				MTL_FAST_MATH = YES;
				SDKROOT = iphoneos;
				SWIFT_COMPILATION_MODE = wholemodule;
				SWIFT_OPTIMIZATION_LEVEL = "-O";
				VALIDATE_PRODUCT = YES;
			};
			name = Release;
		};
		5D614E2A293AF873005FB9EC /* Debug */ = {
			isa = XCBuildConfiguration;
			baseConfigurationReference = 9106CD3021558B1E122FDDD8 /* Pods-Netflix-PicPay.debug.xcconfig */;
			buildSettings = {
				ASSETCATALOG_COMPILER_APPICON_NAME = AppIcon;
				ASSETCATALOG_COMPILER_GLOBAL_ACCENT_COLOR_NAME = AccentColor;
				CODE_SIGN_STYLE = Automatic;
				CURRENT_PROJECT_VERSION = 1;
				DEVELOPMENT_TEAM = ZXKH43MXR4;
				GENERATE_INFOPLIST_FILE = YES;
				INFOPLIST_FILE = "Netflix-PicPay/Resources/Info.plist";
				INFOPLIST_KEY_UIApplicationSupportsIndirectInputEvents = YES;
				INFOPLIST_KEY_UILaunchStoryboardName = LaunchScreen;
				INFOPLIST_KEY_UISupportedInterfaceOrientations_iPad = "UIInterfaceOrientationPortrait UIInterfaceOrientationPortraitUpsideDown UIInterfaceOrientationLandscapeLeft UIInterfaceOrientationLandscapeRight";
				INFOPLIST_KEY_UISupportedInterfaceOrientations_iPhone = "UIInterfaceOrientationPortrait UIInterfaceOrientationLandscapeLeft UIInterfaceOrientationLandscapeRight";
				LD_RUNPATH_SEARCH_PATHS = (
					"$(inherited)",
					"@executable_path/Frameworks",
				);
				MARKETING_VERSION = 1.0;
				PRODUCT_BUNDLE_IDENTIFIER = "br.com.netflix.Netflix-PicPay";
				PRODUCT_NAME = "$(TARGET_NAME)";
				SWIFT_EMIT_LOC_STRINGS = YES;
				SWIFT_VERSION = 5.0;
				TARGETED_DEVICE_FAMILY = "1,2";
			};
			name = Debug;
		};
		5D614E2B293AF873005FB9EC /* Release */ = {
			isa = XCBuildConfiguration;
			baseConfigurationReference = 1149DD7C74137EC58BAAA045 /* Pods-Netflix-PicPay.release.xcconfig */;
			buildSettings = {
				ASSETCATALOG_COMPILER_APPICON_NAME = AppIcon;
				ASSETCATALOG_COMPILER_GLOBAL_ACCENT_COLOR_NAME = AccentColor;
				CODE_SIGN_STYLE = Automatic;
				CURRENT_PROJECT_VERSION = 1;
				DEVELOPMENT_TEAM = ZXKH43MXR4;
				GENERATE_INFOPLIST_FILE = YES;
				INFOPLIST_FILE = "Netflix-PicPay/Resources/Info.plist";
				INFOPLIST_KEY_UIApplicationSupportsIndirectInputEvents = YES;
				INFOPLIST_KEY_UILaunchStoryboardName = LaunchScreen;
				INFOPLIST_KEY_UISupportedInterfaceOrientations_iPad = "UIInterfaceOrientationPortrait UIInterfaceOrientationPortraitUpsideDown UIInterfaceOrientationLandscapeLeft UIInterfaceOrientationLandscapeRight";
				INFOPLIST_KEY_UISupportedInterfaceOrientations_iPhone = "UIInterfaceOrientationPortrait UIInterfaceOrientationLandscapeLeft UIInterfaceOrientationLandscapeRight";
				LD_RUNPATH_SEARCH_PATHS = (
					"$(inherited)",
					"@executable_path/Frameworks",
				);
				MARKETING_VERSION = 1.0;
				PRODUCT_BUNDLE_IDENTIFIER = "br.com.netflix.Netflix-PicPay";
				PRODUCT_NAME = "$(TARGET_NAME)";
				SWIFT_EMIT_LOC_STRINGS = YES;
				SWIFT_VERSION = 5.0;
				TARGETED_DEVICE_FAMILY = "1,2";
			};
			name = Release;
		};
/* End XCBuildConfiguration section */

/* Begin XCConfigurationList section */
		5D614E10293AF870005FB9EC /* Build configuration list for PBXProject "Netflix-PicPay" */ = {
			isa = XCConfigurationList;
			buildConfigurations = (
				5D614E27293AF873005FB9EC /* Debug */,
				5D614E28293AF873005FB9EC /* Release */,
			);
			defaultConfigurationIsVisible = 0;
			defaultConfigurationName = Release;
		};
		5D614E29293AF873005FB9EC /* Build configuration list for PBXNativeTarget "Netflix-PicPay" */ = {
			isa = XCConfigurationList;
			buildConfigurations = (
				5D614E2A293AF873005FB9EC /* Debug */,
				5D614E2B293AF873005FB9EC /* Release */,
			);
			defaultConfigurationIsVisible = 0;
			defaultConfigurationName = Release;
		};
/* End XCConfigurationList section */
	};
	rootObject = 5D614E0D293AF870005FB9EC /* Project object */;
}
